
Microsoft Visual Studio Solution File, Format Version 12.00
# Visual Studio Version 17
VisualStudioVersion = 17.3.32929.385
MinimumVisualStudioVersion = 10.0.40219.1
Project("{9A19103F-16F7-4668-BE54-9A1E7A4F7556}") = "TraversalCoreProje", "TraversalCoreProje\TraversalCoreProje.csproj", "{87641818-F5E2-483D-AE7C-A0DFF7DF0486}"
EndProject
Project("{9A19103F-16F7-4668-BE54-9A1E7A4F7556}") = "EntityLayer", "EntityLayer\EntityLayer.csproj", "{78694628-4BB7-46EB-A4CA-F14A81FCA536}"
EndProject
Project("{9A19103F-16F7-4668-BE54-9A1E7A4F7556}") = "DataAccessLayer", "DataAccessLayer\DataAccessLayer.csproj", "{9B46AB70-A802-42EB-B960-5CB34EC1F75B}"
EndProject
Project("{9A19103F-16F7-4668-BE54-9A1E7A4F7556}") = "BusinessLayer", "BusinessLayer\BusinessLayer.csproj", "{DAEF2B07-CC08-41E3-ADA4-F070422F907A}"
EndProject
Project("{9A19103F-16F7-4668-BE54-9A1E7A4F7556}") = "DTOLayer", "DTOLayer\DTOLayer.csproj", "{92B58BA7-3D0B-4431-B4CB-DAEFC3AA16DF}"
EndProject
Project("{FAE04EC0-301F-11D3-BF4B-00C04F79EFBC}") = "SignalRApi", "SignalRApi\SignalRApi.csproj", "{F7B81D29-1BE7-44F3-893A-8616225B2777}"
EndProject
Global
	GlobalSection(SolutionConfigurationPlatforms) = preSolution
		Debug|Any CPU = Debug|Any CPU
		Release|Any CPU = Release|Any CPU
	EndGlobalSection
	GlobalSection(ProjectConfigurationPlatforms) = postSolution
		{87641818-F5E2-483D-AE7C-A0DFF7DF0486}.Debug|Any CPU.ActiveCfg = Debug|Any CPU
		{87641818-F5E2-483D-AE7C-A0DFF7DF0486}.Debug|Any CPU.Build.0 = Debug|Any CPU
		{87641818-F5E2-483D-AE7C-A0DFF7DF0486}.Release|Any CPU.ActiveCfg = Release|Any CPU
		{87641818-F5E2-483D-AE7C-A0DFF7DF0486}.Release|Any CPU.Build.0 = Release|Any CPU
		{78694628-4BB7-46EB-A4CA-F14A81FCA536}.Debug|Any CPU.ActiveCfg = Debug|Any CPU
		{78694628-4BB7-46EB-A4CA-F14A81FCA536}.Debug|Any CPU.Build.0 = Debug|Any CPU
		{78694628-4BB7-46EB-A4CA-F14A81FCA536}.Release|Any CPU.ActiveCfg = Release|Any CPU
		{78694628-4BB7-46EB-A4CA-F14A81FCA536}.Release|Any CPU.Build.0 = Release|Any CPU
		{9B46AB70-A802-42EB-B960-5CB34EC1F75B}.Debug|Any CPU.ActiveCfg = Debug|Any CPU
		{9B46AB70-A802-42EB-B960-5CB34EC1F75B}.Debug|Any CPU.Build.0 = Debug|Any CPU
		{9B46AB70-A802-42EB-B960-5CB34EC1F75B}.Release|Any CPU.ActiveCfg = Release|Any CPU
		{9B46AB70-A802-42EB-B960-5CB34EC1F75B}.Release|Any CPU.Build.0 = Release|Any CPU
		{DAEF2B07-CC08-41E3-ADA4-F070422F907A}.Debug|Any CPU.ActiveCfg = Debug|Any CPU
		{DAEF2B07-CC08-41E3-ADA4-F070422F907A}.Debug|Any CPU.Build.0 = Debug|Any CPU
		{DAEF2B07-CC08-41E3-ADA4-F070422F907A}.Release|Any CPU.ActiveCfg = Release|Any CPU
		{DAEF2B07-CC08-41E3-ADA4-F070422F907A}.Release|Any CPU.Build.0 = Release|Any CPU
		{92B58BA7-3D0B-4431-B4CB-DAEFC3AA16DF}.Debug|Any CPU.ActiveCfg = Debug|Any CPU
		{92B58BA7-3D0B-4431-B4CB-DAEFC3AA16DF}.Debug|Any CPU.Build.0 = Debug|Any CPU
		{92B58BA7-3D0B-4431-B4CB-DAEFC3AA16DF}.Release|Any CPU.ActiveCfg = Release|Any CPU
		{92B58BA7-3D0B-4431-B4CB-DAEFC3AA16DF}.Release|Any CPU.Build.0 = Release|Any CPU
		{F7B81D29-1BE7-44F3-893A-8616225B2777}.Debug|Any CPU.ActiveCfg = Debug|Any CPU
		{F7B81D29-1BE7-44F3-893A-8616225B2777}.Debug|Any CPU.Build.0 = Debug|Any CPU
		{F7B81D29-1BE7-44F3-893A-8616225B2777}.Release|Any CPU.ActiveCfg = Release|Any CPU
		{F7B81D29-1BE7-44F3-893A-8616225B2777}.Release|Any CPU.Build.0 = Release|Any CPU
	EndGlobalSection
	GlobalSection(SolutionProperties) = preSolution
		HideSolutionNode = FALSE
	EndGlobalSection
	GlobalSection(ExtensibilityGlobals) = postSolution
		SolutionGuid = {350A31A1-8027-481B-8BBE-7B167E1E109E}
	EndGlobalSection
EndGlobal
